<?xml version="1.0" encoding="utf-8"?>
<Project ToolsVersion="4.0" xmlns="http://schemas.microsoft.com/developer/msbuild/2003">
  <ItemGroup>
    <Filter Include="Source Files">
      <UniqueIdentifier>{4FC737F1-C7A5-4376-A066-2A32D752A2FF}</UniqueIdentifier>
      <Extensions>cpp;c;cc;cxx;c++;cppm;ixx;def;odl;idl;hpj;bat;asm;asmx</Extensions>
    </Filter>
    <Filter Include="Header Files">
      <UniqueIdentifier>{93995380-89BD-4b04-88EB-625FBE52EBFB}</UniqueIdentifier>
      <Extensions>h;hh;hpp;hxx;h++;hm;inl;inc;ipp;xsd</Extensions>
    </Filter>
    <Filter Include="Resource Files">
      <UniqueIdentifier>{67DA6AB6-F800-4c08-8B7A-83BB121AAD01}</UniqueIdentifier>
      <Extensions>rc;ico;cur;bmp;dlg;rc2;rct;bin;rgs;gif;jpg;jpeg;jpe;resx;tiff;tif;png;wav;mfcribbon-ms</Extensions>
    </Filter>
    <Filter Include="Header Files\logger">
      <UniqueIdentifier>{3841b18f-e318-40dc-ba75-0022fc88a682}</UniqueIdentifier>
    </Filter>
    <Filter Include="Header Files\logger\data">
      <UniqueIdentifier>{efb51b5a-39b9-421e-84ce-78a40de068fc}</UniqueIdentifier>
    </Filter>
    <Filter Include="Source Files\logger">
      <UniqueIdentifier>{0c2db47c-77a8-42de-ad62-8d0a6b29c4b1}</UniqueIdentifier>
    </Filter>
    <Filter Include="Source Files\logger\data">
      <UniqueIdentifier>{4875295d-c81d-4959-acc8-fee4ac4bed86}</UniqueIdentifier>
    </Filter>
  </ItemGroup>
  <ItemGroup>
    <ClCompile Include="CSE687_TestHarness_PM.cpp">
      <Filter>Source Files</Filter>
    </ClCompile>
    <ClCompile Include="LogData.cpp">
      <Filter>Source Files\logger\data</Filter>
    </ClCompile>
    <ClCompile Include="ALogDecorator.cpp">
      <Filter>Source Files\logger</Filter>
    </ClCompile>
    <ClCompile Include="LogMessageDecorator.cpp">
      <Filter>Source Files\logger</Filter>
    </ClCompile>
    <ClCompile Include="LogStatusDecorator.cpp">
      <Filter>Source Files\logger</Filter>
    </ClCompile>
    <ClCompile Include="LogTimestampDecorator.cpp">
      <Filter>Source Files\logger</Filter>
    </ClCompile>
    <ClCompile Include="LogMessage.cpp">
      <Filter>Source Files\logger</Filter>
    </ClCompile>
  </ItemGroup>
  <ItemGroup>
    <ClInclude Include="ILogData.h">
      <Filter>Header Files\logger\data</Filter>
    </ClInclude>
    <ClInclude Include="LogData.h">
      <Filter>Header Files\logger\data</Filter>
    </ClInclude>
    <ClInclude Include="ILogComponent.h">
      <Filter>Header Files\logger</Filter>
    </ClInclude>
    <ClInclude Include="ALogDecorator.h">
      <Filter>Header Files\logger</Filter>
    </ClInclude>
    <ClInclude Include="LogMessageDecorator.h">
      <Filter>Header Files\logger</Filter>
    </ClInclude>
    <ClInclude Include="LogStatusDecorator.h">
      <Filter>Header Files\logger</Filter>
    </ClInclude>
    <ClInclude Include="LogTimestampDecorator.h">
      <Filter>Header Files\logger</Filter>
    </ClInclude>
    <ClInclude Include="LogMessage.h">
      <Filter>Header Files\logger</Filter>
    </ClInclude>
  </ItemGroup>
</Project>