<?xml version="1.0" encoding="utf-8"?>
<Project ToolsVersion="4.0" xmlns="http://schemas.microsoft.com/developer/msbuild/2003">
  <ItemGroup>
    <Filter Include="Source Files">
      <UniqueIdentifier>{4FC737F1-C7A5-4376-A066-2A32D752A2FF}</UniqueIdentifier>
      <Extensions>cpp;c;cc;cxx;c++;cppm;ixx;def;odl;idl;hpj;bat;asm;asmx</Extensions>
    </Filter>
    <Filter Include="Header Files">
      <UniqueIdentifier>{93995380-89BD-4b04-88EB-625FBE52EBFB}</UniqueIdentifier>
      <Extensions>h;hh;hpp;hxx;h++;hm;inl;inc;ipp;xsd</Extensions>
    </Filter>
    <Filter Include="Resource Files">
      <UniqueIdentifier>{67DA6AB6-F800-4c08-8B7A-83BB121AAD01}</UniqueIdentifier>
      <Extensions>rc;ico;cur;bmp;dlg;rc2;rct;bin;rgs;gif;jpg;jpeg;jpe;resx;tiff;tif;png;wav;mfcribbon-ms</Extensions>
    </Filter>
    <Filter Include="Header Files\Interfaces">
      <UniqueIdentifier>{64451972-d5cf-472e-99cb-1fb54e0544bf}</UniqueIdentifier>
    </Filter>
    <Filter Include="Header Files\Messaging">
      <UniqueIdentifier>{61dde755-3b52-4e38-8676-0fec6eca8592}</UniqueIdentifier>
    </Filter>
    <Filter Include="Header Files\Queue">
      <UniqueIdentifier>{3416d5cf-2cc4-46c1-abb5-793110fd2d51}</UniqueIdentifier>
    </Filter>
    <Filter Include="Source Files\Messaging">
      <UniqueIdentifier>{96e503f9-dba2-4cd4-adeb-df44ad00c5c7}</UniqueIdentifier>
    </Filter>
    <Filter Include="Header Files\Utilities">
      <UniqueIdentifier>{5119ffdc-0f08-4da7-99e9-d777ba910aec}</UniqueIdentifier>
    </Filter>
    <Filter Include="Source Files\Utilities">
      <UniqueIdentifier>{8ac7d96d-a1b4-40cf-b4ab-109e95c2f06e}</UniqueIdentifier>
    </Filter>
  </ItemGroup>
  <ItemGroup>
    <ClCompile Include="CSE687_TestHarness.cpp">
      <Filter>Source Files</Filter>
    </ClCompile>
    <ClCompile Include="AddressIp4.cpp">
      <Filter>Source Files\Messaging</Filter>
    </ClCompile>
    <ClCompile Include="Message.cpp">
      <Filter>Source Files\Messaging</Filter>
    </ClCompile>
    <ClCompile Include="Receiver.cpp">
      <Filter>Source Files\Messaging</Filter>
    </ClCompile>
    <ClCompile Include="Sender.cpp">
      <Filter>Source Files\Messaging</Filter>
    </ClCompile>
    <ClCompile Include="Socket.cpp">
      <Filter>Source Files\Messaging</Filter>
    </ClCompile>
    <ClCompile Include="SocketConnecter.cpp">
      <Filter>Source Files\Messaging</Filter>
    </ClCompile>
    <ClCompile Include="SocketListener.cpp">
      <Filter>Source Files\Messaging</Filter>
    </ClCompile>
    <ClCompile Include="ChildTester.cpp">
      <Filter>Source Files</Filter>
    </ClCompile>
    <ClCompile Include="MotherController.cpp">
      <Filter>Source Files</Filter>
    </ClCompile>
    <ClCompile Include="SocketSystem.cpp">
      <Filter>Source Files\Messaging</Filter>
    </ClCompile>
    <ClCompile Include="ClientHandler.cpp">
      <Filter>Source Files\Messaging</Filter>
    </ClCompile>
    <ClCompile Include="Communications.cpp">
      <Filter>Source Files\Messaging</Filter>
    </ClCompile>
    <ClCompile Include="StringHelper.cpp">
      <Filter>Source Files\Utilities</Filter>
    </ClCompile>
  </ItemGroup>
  <ItemGroup>
    <ClInclude Include="SocketListener.h">
      <Filter>Header Files\Messaging</Filter>
    </ClInclude>
    <ClInclude Include="Message.h">
      <Filter>Header Files\Messaging</Filter>
    </ClInclude>
    <ClInclude Include="Receiver.h">
      <Filter>Header Files\Messaging</Filter>
    </ClInclude>
    <ClInclude Include="Sender.h">
      <Filter>Header Files\Messaging</Filter>
    </ClInclude>
    <ClInclude Include="Socket.h">
      <Filter>Header Files\Messaging</Filter>
    </ClInclude>
    <ClInclude Include="SocketConnecter.h">
      <Filter>Header Files\Messaging</Filter>
    </ClInclude>
    <ClInclude Include="AddressIp4.h">
      <Filter>Header Files\Messaging</Filter>
    </ClInclude>
    <ClInclude Include="BlockingQueue.h">
      <Filter>Header Files\Queue</Filter>
    </ClInclude>
    <ClInclude Include="ChildTester.h">
      <Filter>Header Files</Filter>
    </ClInclude>
    <ClInclude Include="MotherController.h">
      <Filter>Header Files</Filter>
    </ClInclude>
    <ClInclude Include="IAddressIp.h">
      <Filter>Header Files\Interfaces</Filter>
    </ClInclude>
    <ClInclude Include="SocketSystem.h">
      <Filter>Header Files\Messaging</Filter>
    </ClInclude>
    <ClInclude Include="ClientHandler.h">
      <Filter>Header Files\Messaging</Filter>
    </ClInclude>
    <ClInclude Include="Communications.h">
      <Filter>Header Files\Messaging</Filter>
    </ClInclude>
    <ClInclude Include="StringHelper.h">
      <Filter>Header Files\Utilities</Filter>
    </ClInclude>
  </ItemGroup>
  <ItemGroup>
    <None Include="ClassDiagramAndAssociations.cd" />
    <None Include="ClassDiagramLogger.cd" />
    <None Include="ClassDiagramMessaging.cd" />
  </ItemGroup>
</Project>