<?xml version="1.0" encoding="utf-8"?>
<Project ToolsVersion="4.0" xmlns="http://schemas.microsoft.com/developer/msbuild/2003">
  <ItemGroup>
    <Filter Include="Source Files">
      <UniqueIdentifier>{4FC737F1-C7A5-4376-A066-2A32D752A2FF}</UniqueIdentifier>
      <Extensions>cpp;c;cc;cxx;c++;cppm;ixx;def;odl;idl;hpj;bat;asm;asmx</Extensions>
    </Filter>
    <Filter Include="Header Files">
      <UniqueIdentifier>{93995380-89BD-4b04-88EB-625FBE52EBFB}</UniqueIdentifier>
      <Extensions>h;hh;hpp;hxx;h++;hm;inl;inc;ipp;xsd</Extensions>
    </Filter>
    <Filter Include="Resource Files">
      <UniqueIdentifier>{67DA6AB6-F800-4c08-8B7A-83BB121AAD01}</UniqueIdentifier>
      <Extensions>rc;ico;cur;bmp;dlg;rc2;rct;bin;rgs;gif;jpg;jpeg;jpe;resx;tiff;tif;png;wav;mfcribbon-ms</Extensions>
    </Filter>
    <Filter Include="Header Files\Interfaces">
      <UniqueIdentifier>{ff003dab-3014-424e-92d8-a4f5ce4b7a0d}</UniqueIdentifier>
    </Filter>
    <Filter Include="Header Files\Decorators">
      <UniqueIdentifier>{b6a0349d-993a-4480-98d0-d1dbc941de99}</UniqueIdentifier>
    </Filter>
    <Filter Include="Source Files\Decorators">
      <UniqueIdentifier>{5f60df8f-b050-4f5d-a010-67b689ba5b8e}</UniqueIdentifier>
    </Filter>
  </ItemGroup>
  <ItemGroup>
    <ClInclude Include="LogData.h">
      <Filter>Header Files</Filter>
    </ClInclude>
    <ClInclude Include="LoggerFactory.h">
      <Filter>Header Files</Filter>
    </ClInclude>
    <ClInclude Include="LogMessage.h">
      <Filter>Header Files</Filter>
    </ClInclude>
    <ClInclude Include="MyLogger.h">
      <Filter>Header Files</Filter>
    </ClInclude>
    <ClInclude Include="ILogComponent.h">
      <Filter>Header Files\Interfaces</Filter>
    </ClInclude>
    <ClInclude Include="ILogData.h">
      <Filter>Header Files\Interfaces</Filter>
    </ClInclude>
    <ClInclude Include="ILogger.h">
      <Filter>Header Files\Interfaces</Filter>
    </ClInclude>
    <ClInclude Include="LogMessageDecorator.h">
      <Filter>Header Files\Decorators</Filter>
    </ClInclude>
    <ClInclude Include="LogStatusDecorator.h">
      <Filter>Header Files\Decorators</Filter>
    </ClInclude>
    <ClInclude Include="LogTimestampDecorator.h">
      <Filter>Header Files\Decorators</Filter>
    </ClInclude>
    <ClInclude Include="ALogDecorator.h">
      <Filter>Header Files\Decorators</Filter>
    </ClInclude>
  </ItemGroup>
  <ItemGroup>
    <ClCompile Include="LogData.cpp">
      <Filter>Source Files</Filter>
    </ClCompile>
    <ClCompile Include="LoggerFactory.cpp">
      <Filter>Source Files</Filter>
    </ClCompile>
    <ClCompile Include="LogMessage.cpp">
      <Filter>Source Files</Filter>
    </ClCompile>
    <ClCompile Include="MyLogger.cpp">
      <Filter>Source Files</Filter>
    </ClCompile>
    <ClCompile Include="ALogDecorator.cpp">
      <Filter>Source Files\Decorators</Filter>
    </ClCompile>
    <ClCompile Include="LogMessageDecorator.cpp">
      <Filter>Source Files\Decorators</Filter>
    </ClCompile>
    <ClCompile Include="LogStatusDecorator.cpp">
      <Filter>Source Files\Decorators</Filter>
    </ClCompile>
    <ClCompile Include="LogTimestampDecorator.cpp">
      <Filter>Source Files\Decorators</Filter>
    </ClCompile>
  </ItemGroup>
</Project>